# This file is autogenerated, do not edit; changes may be undone by the next 'dep ensure'.


[[projects]]
  name = "github.com/teris-io/shortid"
  packages = ["."]
  revision = "6c56cef5189ca1b3d5ef01dc07f4d611dfc0bb33"
  version = "v1.0"

[solve-meta]
  analyzer-name = "dep"
  analyzer-version = 1
  inputs-digest = "f584967fd8e7adc20bfe0c9221150a5ba00f40c6da198f0e291dde1d6df0f06b"
  solver-name = "gps-cdcl"
  solver-version = 1
